
Microsoft Visual Studio Solution File, Format Version 12.00
# Visual Studio Version 17
VisualStudioVersion = 17.10.35013.160
MinimumVisualStudioVersion = 10.0.40219.1
Project("{FAE04EC0-301F-11D3-BF4B-00C04F79EFBC}") = "ci_cd_practice", "ci_cd_practice\ci_cd_practice.csproj", "{38AA9914-E6A8-4592-BF3B-CD4CB78061AB}"
EndProject
Global
	GlobalSection(SolutionConfigurationPlatforms) = preSolution
		Debug|Any CPU = Debug|Any CPU
		Release|Any CPU = Release|Any CPU
	EndGlobalSection
	GlobalSection(ProjectConfigurationPlatforms) = postSolution
		{38AA9914-E6A8-4592-BF3B-CD4CB78061AB}.Debug|Any CPU.ActiveCfg = Debug|Any CPU
		{38AA9914-E6A8-4592-BF3B-CD4CB78061AB}.Debug|Any CPU.Build.0 = Debug|Any CPU
		{38AA9914-E6A8-4592-BF3B-CD4CB78061AB}.Release|Any CPU.ActiveCfg = Release|Any CPU
		{38AA9914-E6A8-4592-BF3B-CD4CB78061AB}.Release|Any CPU.Build.0 = Release|Any CPU
	EndGlobalSection
	GlobalSection(SolutionProperties) = preSolution
		HideSolutionNode = FALSE
	EndGlobalSection
	GlobalSection(ExtensibilityGlobals) = postSolution
		SolutionGuid = {1F927E81-8A7F-4BD0-9700-F35DD3682E96}
	EndGlobalSection
EndGlobal
